
Microsoft Visual Studio Solution File, Format Version 12.00
# Visual Studio Version 17
VisualStudioVersion = 17.5.002.0
MinimumVisualStudioVersion = 10.0.40219.1
Project("{9A19103F-16F7-4668-BE54-9A1E7A4F7556}") = "CurrencyExchangeAPI", "CurrencyExchangeAPI.csproj", "{7FA0BC78-AD97-4EA0-950E-E172E9F05F3D}"
EndProject
Global
	GlobalSection(SolutionConfigurationPlatforms) = preSolution
		Debug|Any CPU = Debug|Any CPU
		Release|Any CPU = Release|Any CPU
	EndGlobalSection
	GlobalSection(ProjectConfigurationPlatforms) = postSolution
		{7FA0BC78-AD97-4EA0-950E-E172E9F05F3D}.Debug|Any CPU.ActiveCfg = Debug|Any CPU
		{7FA0BC78-AD97-4EA0-950E-E172E9F05F3D}.Debug|Any CPU.Build.0 = Debug|Any CPU
		{7FA0BC78-AD97-4EA0-950E-E172E9F05F3D}.Release|Any CPU.ActiveCfg = Release|Any CPU
		{7FA0BC78-AD97-4EA0-950E-E172E9F05F3D}.Release|Any CPU.Build.0 = Release|Any CPU
	EndGlobalSection
	GlobalSection(SolutionProperties) = preSolution
		HideSolutionNode = FALSE
	EndGlobalSection
	GlobalSection(ExtensibilityGlobals) = postSolution
		SolutionGuid = {A5253F53-7F39-42A3-BE34-91F6B78160F4}
	EndGlobalSection
EndGlobal
